
Microsoft Visual Studio Solution File, Format Version 12.00
# Visual Studio Version 17
VisualStudioVersion = 17.6.33829.357
MinimumVisualStudioVersion = 10.0.40219.1
Project("{9A19103F-16F7-4668-BE54-9A1E7A4F7556}") = "MongoDB.Abstracts", "src\MongoDB.Abstracts\MongoDB.Abstracts.csproj", "{38AA4587-BD6D-4C87-886B-71509ED34D99}"
EndProject
Project("{9A19103F-16F7-4668-BE54-9A1E7A4F7556}") = "MongoDB.Abstracts.Tests", "test\MongoDB.Abstracts.Tests\MongoDB.Abstracts.Tests.csproj", "{8A460773-F38F-4526-B84F-9158C98D36C0}"
EndProject
Project("{2150E333-8FDC-42A3-9474-1A3956D46DE8}") = "Build", "Build", "{AEBC64A5-8676-4D6D-8A0F-20F7207E722A}"
	ProjectSection(SolutionItems) = preProject
		coverlet.runsettings = coverlet.runsettings
		src\Directory.Build.props = src\Directory.Build.props
		.github\workflows\dotnet.yml = .github\workflows\dotnet.yml
		README.md = README.md
	EndProjectSection
EndProject
Global
	GlobalSection(SolutionConfigurationPlatforms) = preSolution
		Debug|Any CPU = Debug|Any CPU
		Release|Any CPU = Release|Any CPU
	EndGlobalSection
	GlobalSection(ProjectConfigurationPlatforms) = postSolution
		{38AA4587-BD6D-4C87-886B-71509ED34D99}.Debug|Any CPU.ActiveCfg = Debug|Any CPU
		{38AA4587-BD6D-4C87-886B-71509ED34D99}.Debug|Any CPU.Build.0 = Debug|Any CPU
		{38AA4587-BD6D-4C87-886B-71509ED34D99}.Release|Any CPU.ActiveCfg = Release|Any CPU
		{38AA4587-BD6D-4C87-886B-71509ED34D99}.Release|Any CPU.Build.0 = Release|Any CPU
		{8A460773-F38F-4526-B84F-9158C98D36C0}.Debug|Any CPU.ActiveCfg = Debug|Any CPU
		{8A460773-F38F-4526-B84F-9158C98D36C0}.Debug|Any CPU.Build.0 = Debug|Any CPU
		{8A460773-F38F-4526-B84F-9158C98D36C0}.Release|Any CPU.ActiveCfg = Release|Any CPU
		{8A460773-F38F-4526-B84F-9158C98D36C0}.Release|Any CPU.Build.0 = Release|Any CPU
	EndGlobalSection
	GlobalSection(SolutionProperties) = preSolution
		HideSolutionNode = FALSE
	EndGlobalSection
	GlobalSection(ExtensibilityGlobals) = postSolution
		SolutionGuid = {BBFC07D6-F734-4188-912A-F5DD7266AE5C}
	EndGlobalSection
EndGlobal
